// !$*UTF8*$!
{
	archiveVersion = 1;
	classes = {
	};
	objectVersion = 46;
	objects = {

/* Begin PBXBuildFile section */
		957E66A51EB4AD9D007C2C51 /* AppDelegate.swift in Sources */ = {isa = PBXBuildFile; fileRef = 957E66A41EB4AD9D007C2C51 /* AppDelegate.swift */; };
		957E66A71EB4AD9D007C2C51 /* ViewController.swift in Sources */ = {isa = PBXBuildFile; fileRef = 957E66A61EB4AD9D007C2C51 /* ViewController.swift */; };
		957E66AA1EB4AD9D007C2C51 /* Main.storyboard in Resources */ = {isa = PBXBuildFile; fileRef = 957E66A81EB4AD9D007C2C51 /* Main.storyboard */; };
		957E66AC1EB4AD9D007C2C51 /* Assets.xcassets in Resources */ = {isa = PBXBuildFile; fileRef = 957E66AB1EB4AD9D007C2C51 /* Assets.xcassets */; };
		957E66AF1EB4AD9D007C2C51 /* LaunchScreen.storyboard in Resources */ = {isa = PBXBuildFile; fileRef = 957E66AD1EB4AD9D007C2C51 /* LaunchScreen.storyboard */; };
		957E66BA1EB4AD9D007C2C51 /* PropertyAnimatorTests.swift in Sources */ = {isa = PBXBuildFile; fileRef = 957E66B91EB4AD9D007C2C51 /* PropertyAnimatorTests.swift */; };
		957E66C51EB4AD9D007C2C51 /* PropertyAnimatorUITests.swift in Sources */ = {isa = PBXBuildFile; fileRef = 957E66C41EB4AD9D007C2C51 /* PropertyAnimatorUITests.swift */; };
/* End PBXBuildFile section */

/* Begin PBXContainerItemProxy section */
		957E66B61EB4AD9D007C2C51 /* PBXContainerItemProxy */ = {
			isa = PBXContainerItemProxy;
			containerPortal = 957E66991EB4AD9D007C2C51 /* Project object */;
			proxyType = 1;
			remoteGlobalIDString = 957E66A01EB4AD9D007C2C51;
			remoteInfo = PropertyAnimator;
		};
		957E66C11EB4AD9D007C2C51 /* PBXContainerItemProxy */ = {
			isa = PBXContainerItemProxy;
			containerPortal = 957E66991EB4AD9D007C2C51 /* Project object */;
			proxyType = 1;
			remoteGlobalIDString = 957E66A01EB4AD9D007C2C51;
			remoteInfo = PropertyAnimator;
		};
/* End PBXContainerItemProxy section */

/* Begin PBXFileReference section */
		957E66A11EB4AD9D007C2C51 /* PropertyAnimator.app */ = {isa = PBXFileReference; explicitFileType = wrapper.application; includeInIndex = 0; path = PropertyAnimator.app; sourceTree = BUILT_PRODUCTS_DIR; };
		957E66A41EB4AD9D007C2C51 /* AppDelegate.swift */ = {isa = PBXFileReference; lastKnownFileType = sourcecode.swift; path = AppDelegate.swift; sourceTree = "<group>"; };
		957E66A61EB4AD9D007C2C51 /* ViewController.swift */ = {isa = PBXFileReference; lastKnownFileType = sourcecode.swift; path = ViewController.swift; sourceTree = "<group>"; };
		957E66A91EB4AD9D007C2C51 /* Base */ = {isa = PBXFileReference; lastKnownFileType = file.storyboard; name = Base; path = Base.lproj/Main.storyboard; sourceTree = "<group>"; };
		957E66AB1EB4AD9D007C2C51 /* Assets.xcassets */ = {isa = PBXFileReference; lastKnownFileType = folder.assetcatalog; path = Assets.xcassets; sourceTree = "<group>"; };
		957E66AE1EB4AD9D007C2C51 /* Base */ = {isa = PBXFileReference; lastKnownFileType = file.storyboard; name = Base; path = Base.lproj/LaunchScreen.storyboard; sourceTree = "<group>"; };
		957E66B01EB4AD9D007C2C51 /* Info.plist */ = {isa = PBXFileReference; lastKnownFileType = text.plist.xml; path = Info.plist; sourceTree = "<group>"; };
		957E66B51EB4AD9D007C2C51 /* PropertyAnimatorTests.xctest */ = {isa = PBXFileReference; explicitFileType = wrapper.cfbundle; includeInIndex = 0; path = PropertyAnimatorTests.xctest; sourceTree = BUILT_PRODUCTS_DIR; };
		957E66B91EB4AD9D007C2C51 /* PropertyAnimatorTests.swift */ = {isa = PBXFileReference; lastKnownFileType = sourcecode.swift; path = PropertyAnimatorTests.swift; sourceTree = "<group>"; };
		957E66BB1EB4AD9D007C2C51 /* Info.plist */ = {isa = PBXFileReference; lastKnownFileType = text.plist.xml; path = Info.plist; sourceTree = "<group>"; };
		957E66C01EB4AD9D007C2C51 /* PropertyAnimatorUITests.xctest */ = {isa = PBXFileReference; explicitFileType = wrapper.cfbundle; includeInIndex = 0; path = PropertyAnimatorUITests.xctest; sourceTree = BUILT_PRODUCTS_DIR; };
		957E66C41EB4AD9D007C2C51 /* PropertyAnimatorUITests.swift */ = {isa = PBXFileReference; lastKnownFileType = sourcecode.swift; path = PropertyAnimatorUITests.swift; sourceTree = "<group>"; };
		957E66C61EB4AD9D007C2C51 /* Info.plist */ = {isa = PBXFileReference; lastKnownFileType = text.plist.xml; path = Info.plist; sourceTree = "<group>"; };
/* End PBXFileReference section */

/* Begin PBXFrameworksBuildPhase section */
		957E669E1EB4AD9D007C2C51 /* Frameworks */ = {
			isa = PBXFrameworksBuildPhase;
			buildActionMask = 2147483647;
			files = (
			);
			runOnlyForDeploymentPostprocessing = 0;
		};
		957E66B21EB4AD9D007C2C51 /* Frameworks */ = {
			isa = PBXFrameworksBuildPhase;
			buildActionMask = 2147483647;
			files = (
			);
			runOnlyForDeploymentPostprocessing = 0;
		};
		957E66BD1EB4AD9D007C2C51 /* Frameworks */ = {
			isa = PBXFrameworksBuildPhase;
			buildActionMask = 2147483647;
			files = (
			);
			runOnlyForDeploymentPostprocessing = 0;
		};
/* End PBXFrameworksBuildPhase section */

/* Begin PBXGroup section */
		957E66981EB4AD9D007C2C51 = {
			isa = PBXGroup;
			children = (
				957E66A31EB4AD9D007C2C51 /* PropertyAnimator */,
				957E66B81EB4AD9D007C2C51 /* PropertyAnimatorTests */,
				957E66C31EB4AD9D007C2C51 /* PropertyAnimatorUITests */,
				957E66A21EB4AD9D007C2C51 /* Products */,
			);
			sourceTree = "<group>";
		};
		957E66A21EB4AD9D007C2C51 /* Products */ = {
			isa = PBXGroup;
			children = (
				957E66A11EB4AD9D007C2C51 /* PropertyAnimator.app */,
				957E66B51EB4AD9D007C2C51 /* PropertyAnimatorTests.xctest */,
				957E66C01EB4AD9D007C2C51 /* PropertyAnimatorUITests.xctest */,
			);
			name = Products;
			sourceTree = "<group>";
		};
		957E66A31EB4AD9D007C2C51 /* PropertyAnimator */ = {
			isa = PBXGroup;
			children = (
				957E66A41EB4AD9D007C2C51 /* AppDelegate.swift */,
				957E66A61EB4AD9D007C2C51 /* ViewController.swift */,
				957E66A81EB4AD9D007C2C51 /* Main.storyboard */,
				957E66AB1EB4AD9D007C2C51 /* Assets.xcassets */,
				957E66AD1EB4AD9D007C2C51 /* LaunchScreen.storyboard */,
				957E66B01EB4AD9D007C2C51 /* Info.plist */,
			);
			path = PropertyAnimator;
			sourceTree = "<group>";
		};
		957E66B81EB4AD9D007C2C51 /* PropertyAnimatorTests */ = {
			isa = PBXGroup;
			children = (
				957E66B91EB4AD9D007C2C51 /* PropertyAnimatorTests.swift */,
				957E66BB1EB4AD9D007C2C51 /* Info.plist */,
			);
			path = PropertyAnimatorTests;
			sourceTree = "<group>";
		};
		957E66C31EB4AD9D007C2C51 /* PropertyAnimatorUITests */ = {
			isa = PBXGroup;
			children = (
				957E66C41EB4AD9D007C2C51 /* PropertyAnimatorUITests.swift */,
				957E66C61EB4AD9D007C2C51 /* Info.plist */,
			);
			path = PropertyAnimatorUITests;
			sourceTree = "<group>";
		};
/* End PBXGroup section */

/* Begin PBXNativeTarget section */
		957E66A01EB4AD9D007C2C51 /* PropertyAnimator */ = {
			isa = PBXNativeTarget;
			buildConfigurationList = 957E66C91EB4AD9D007C2C51 /* Build configuration list for PBXNativeTarget "PropertyAnimator" */;
			buildPhases = (
				957E669D1EB4AD9D007C2C51 /* Sources */,
				957E669E1EB4AD9D007C2C51 /* Frameworks */,
				957E669F1EB4AD9D007C2C51 /* Resources */,
			);
			buildRules = (
			);
			dependencies = (
			);
			name = PropertyAnimator;
			productName = PropertyAnimator;
			productReference = 957E66A11EB4AD9D007C2C51 /* PropertyAnimator.app */;
			productType = "com.apple.product-type.application";
		};
		957E66B41EB4AD9D007C2C51 /* PropertyAnimatorTests */ = {
			isa = PBXNativeTarget;
			buildConfigurationList = 957E66CC1EB4AD9D007C2C51 /* Build configuration list for PBXNativeTarget "PropertyAnimatorTests" */;
			buildPhases = (
				957E66B11EB4AD9D007C2C51 /* Sources */,
				957E66B21EB4AD9D007C2C51 /* Frameworks */,
				957E66B31EB4AD9D007C2C51 /* Resources */,
			);
			buildRules = (
			);
			dependencies = (
				957E66B71EB4AD9D007C2C51 /* PBXTargetDependency */,
			);
			name = PropertyAnimatorTests;
			productName = PropertyAnimatorTests;
			productReference = 957E66B51EB4AD9D007C2C51 /* PropertyAnimatorTests.xctest */;
			productType = "com.apple.product-type.bundle.unit-test";
		};
		957E66BF1EB4AD9D007C2C51 /* PropertyAnimatorUITests */ = {
			isa = PBXNativeTarget;
			buildConfigurationList = 957E66CF1EB4AD9D007C2C51 /* Build configuration list for PBXNativeTarget "PropertyAnimatorUITests" */;
			buildPhases = (
				957E66BC1EB4AD9D007C2C51 /* Sources */,
				957E66BD1EB4AD9D007C2C51 /* Frameworks */,
				957E66BE1EB4AD9D007C2C51 /* Resources */,
			);
			buildRules = (
			);
			dependencies = (
				957E66C21EB4AD9D007C2C51 /* PBXTargetDependency */,
			);
			name = PropertyAnimatorUITests;
			productName = PropertyAnimatorUITests;
			productReference = 957E66C01EB4AD9D007C2C51 /* PropertyAnimatorUITests.xctest */;
			productType = "com.apple.product-type.bundle.ui-testing";
		};
/* End PBXNativeTarget section */

/* Begin PBXProject section */
		957E66991EB4AD9D007C2C51 /* Project object */ = {
			isa = PBXProject;
			attributes = {
				LastSwiftUpdateCheck = 0830;
				LastUpgradeCheck = 0830;
				ORGANIZATIONNAME = Alibek;
				TargetAttributes = {
					957E66A01EB4AD9D007C2C51 = {
						CreatedOnToolsVersion = 8.3;
						ProvisioningStyle = Automatic;
					};
					957E66B41EB4AD9D007C2C51 = {
						CreatedOnToolsVersion = 8.3;
						ProvisioningStyle = Automatic;
						TestTargetID = 957E66A01EB4AD9D007C2C51;
					};
					957E66BF1EB4AD9D007C2C51 = {
						CreatedOnToolsVersion = 8.3;
						ProvisioningStyle = Automatic;
						TestTargetID = 957E66A01EB4AD9D007C2C51;
					};
				};
			};
			buildConfigurationList = 957E669C1EB4AD9D007C2C51 /* Build configuration list for PBXProject "PropertyAnimator" */;
			compatibilityVersion = "Xcode 3.2";
			developmentRegion = English;
			hasScannedForEncodings = 0;
			knownRegions = (
				en,
				Base,
			);
			mainGroup = 957E66981EB4AD9D007C2C51;
			productRefGroup = 957E66A21EB4AD9D007C2C51 /* Products */;
			projectDirPath = "";
			projectRoot = "";
			targets = (
				957E66A01EB4AD9D007C2C51 /* PropertyAnimator */,
				957E66B41EB4AD9D007C2C51 /* PropertyAnimatorTests */,
				957E66BF1EB4AD9D007C2C51 /* PropertyAnimatorUITests */,
			);
		};
/* End PBXProject section */

/* Begin PBXResourcesBuildPhase section */
		957E669F1EB4AD9D007C2C51 /* Resources */ = {
			isa = PBXResourcesBuildPhase;
			buildActionMask = 2147483647;
			files = (
				957E66AF1EB4AD9D007C2C51 /* LaunchScreen.storyboard in Resources */,
				957E66AC1EB4AD9D007C2C51 /* Assets.xcassets in Resources */,
				957E66AA1EB4AD9D007C2C51 /* Main.storyboard in Resources */,
			);
			runOnlyForDeploymentPostprocessing = 0;
		};
		957E66B31EB4AD9D007C2C51 /* Resources */ = {
			isa = PBXResourcesBuildPhase;
			buildActionMask = 2147483647;
			files = (
			);
			runOnlyForDeploymentPostprocessing = 0;
		};
		957E66BE1EB4AD9D007C2C51 /* Resources */ = {
			isa = PBXResourcesBuildPhase;
			buildActionMask = 2147483647;
			files = (
			);
			runOnlyForDeploymentPostprocessing = 0;
		};
/* End PBXResourcesBuildPhase section */

/* Begin PBXSourcesBuildPhase section */
		957E669D1EB4AD9D007C2C51 /* Sources */ = {
			isa = PBXSourcesBuildPhase;
			buildActionMask = 2147483647;
			files = (
				957E66A71EB4AD9D007C2C51 /* ViewController.swift in Sources */,
				957E66A51EB4AD9D007C2C51 /* AppDelegate.swift in Sources */,
			);
			runOnlyForDeploymentPostprocessing = 0;
		};
		957E66B11EB4AD9D007C2C51 /* Sources */ = {
			isa = PBXSourcesBuildPhase;
			buildActionMask = 2147483647;
			files = (
				957E66BA1EB4AD9D007C2C51 /* PropertyAnimatorTests.swift in Sources */,
			);
			runOnlyForDeploymentPostprocessing = 0;
		};
		957E66BC1EB4AD9D007C2C51 /* Sources */ = {
			isa = PBXSourcesBuildPhase;
			buildActionMask = 2147483647;
			files = (
				957E66C51EB4AD9D007C2C51 /* PropertyAnimatorUITests.swift in Sources */,
			);
			runOnlyForDeploymentPostprocessing = 0;
		};
/* End PBXSourcesBuildPhase section */

/* Begin PBXTargetDependency section */
		957E66B71EB4AD9D007C2C51 /* PBXTargetDependency */ = {
			isa = PBXTargetDependency;
			target = 957E66A01EB4AD9D007C2C51 /* PropertyAnimator */;
			targetProxy = 957E66B61EB4AD9D007C2C51 /* PBXContainerItemProxy */;
		};
		957E66C21EB4AD9D007C2C51 /* PBXTargetDependency */ = {
			isa = PBXTargetDependency;
			target = 957E66A01EB4AD9D007C2C51 /* PropertyAnimator */;
			targetProxy = 957E66C11EB4AD9D007C2C51 /* PBXContainerItemProxy */;
		};
/* End PBXTargetDependency section */

/* Begin PBXVariantGroup section */
		957E66A81EB4AD9D007C2C51 /* Main.storyboard */ = {
			isa = PBXVariantGroup;
			children = (
				957E66A91EB4AD9D007C2C51 /* Base */,
			);
			name = Main.storyboard;
			sourceTree = "<group>";
		};
		957E66AD1EB4AD9D007C2C51 /* LaunchScreen.storyboard */ = {
			isa = PBXVariantGroup;
			children = (
				957E66AE1EB4AD9D007C2C51 /* Base */,
			);
			name = LaunchScreen.storyboard;
			sourceTree = "<group>";
		};
/* End PBXVariantGroup section */

/* Begin XCBuildConfiguration section */
		957E66C71EB4AD9D007C2C51 /* Debug */ = {
			isa = XCBuildConfiguration;
			buildSettings = {
				ALWAYS_SEARCH_USER_PATHS = NO;
				CLANG_ANALYZER_NONNULL = YES;
				CLANG_ANALYZER_NUMBER_OBJECT_CONVERSION = YES_AGGRESSIVE;
				CLANG_CXX_LANGUAGE_STANDARD = "gnu++0x";
				CLANG_CXX_LIBRARY = "libc++";
				CLANG_ENABLE_MODULES = YES;
				CLANG_ENABLE_OBJC_ARC = YES;
				CLANG_WARN_BOOL_CONVERSION = YES;
				CLANG_WARN_CONSTANT_CONVERSION = YES;
				CLANG_WARN_DIRECT_OBJC_ISA_USAGE = YES_ERROR;
				CLANG_WARN_DOCUMENTATION_COMMENTS = YES;
				CLANG_WARN_EMPTY_BODY = YES;
				CLANG_WARN_ENUM_CONVERSION = YES;
				CLANG_WARN_INFINITE_RECURSION = YES;
				CLANG_WARN_INT_CONVERSION = YES;
				CLANG_WARN_OBJC_ROOT_CLASS = YES_ERROR;
				CLANG_WARN_SUSPICIOUS_MOVE = YES;
				CLANG_WARN_UNREACHABLE_CODE = YES;
				CLANG_WARN__DUPLICATE_METHOD_MATCH = YES;
				"CODE_SIGN_IDENTITY[sdk=iphoneos*]" = "iPhone Developer";
				COPY_PHASE_STRIP = NO;
				DEBUG_INFORMATION_FORMAT = dwarf;
				ENABLE_STRICT_OBJC_MSGSEND = YES;
				ENABLE_TESTABILITY = YES;
				GCC_C_LANGUAGE_STANDARD = gnu99;
				GCC_DYNAMIC_NO_PIC = NO;
				GCC_NO_COMMON_BLOCKS = YES;
				GCC_OPTIMIZATION_LEVEL = 0;
				GCC_PREPROCESSOR_DEFINITIONS = (
					"DEBUG=1",
					"$(inherited)",
				);
				GCC_WARN_64_TO_32_BIT_CONVERSION = YES;
				GCC_WARN_ABOUT_RETURN_TYPE = YES_ERROR;
				GCC_WARN_UNDECLARED_SELECTOR = YES;
				GCC_WARN_UNINITIALIZED_AUTOS = YES_AGGRESSIVE;
				GCC_WARN_UNUSED_FUNCTION = YES;
				GCC_WARN_UNUSED_VARIABLE = YES;
				IPHONEOS_DEPLOYMENT_TARGET = 10.3;
				MTL_ENABLE_DEBUG_INFO = YES;
				ONLY_ACTIVE_ARCH = YES;
				SDKROOT = iphoneos;
				SWIFT_ACTIVE_COMPILATION_CONDITIONS = DEBUG;
				SWIFT_OPTIMIZATION_LEVEL = "-Onone";
			};
			name = Debug;
		};
		957E66C81EB4AD9D007C2C51 /* Release */ = {
			isa = XCBuildConfiguration;
			buildSettings = {
				ALWAYS_SEARCH_USER_PATHS = NO;
				CLANG_ANALYZER_NONNULL = YES;
				CLANG_ANALYZER_NUMBER_OBJECT_CONVERSION = YES_AGGRESSIVE;
				CLANG_CXX_LANGUAGE_STANDARD = "gnu++0x";
				CLANG_CXX_LIBRARY = "libc++";
				CLANG_ENABLE_MODULES = YES;
				CLANG_ENABLE_OBJC_ARC = YES;
				CLANG_WARN_BOOL_CONVERSION = YES;
				CLANG_WARN_CONSTANT_CONVERSION = YES;
				CLANG_WARN_DIRECT_OBJC_ISA_USAGE = YES_ERROR;
				CLANG_WARN_DOCUMENTATION_COMMENTS = YES;
				CLANG_WARN_EMPTY_BODY = YES;
				CLANG_WARN_ENUM_CONVERSION = YES;
				CLANG_WARN_INFINITE_RECURSION = YES;
				CLANG_WARN_INT_CONVERSION = YES;
				CLANG_WARN_OBJC_ROOT_CLASS = YES_ERROR;
				CLANG_WARN_SUSPICIOUS_MOVE = YES;
				CLANG_WARN_UNREACHABLE_CODE = YES;
				CLANG_WARN__DUPLICATE_METHOD_MATCH = YES;
				"CODE_SIGN_IDENTITY[sdk=iphoneos*]" = "iPhone Developer";
				COPY_PHASE_STRIP = NO;
				DEBUG_INFORMATION_FORMAT = "dwarf-with-dsym";
				ENABLE_NS_ASSERTIONS = NO;
				ENABLE_STRICT_OBJC_MSGSEND = YES;
				GCC_C_LANGUAGE_STANDARD = gnu99;
				GCC_NO_COMMON_BLOCKS = YES;
				GCC_WARN_64_TO_32_BIT_CONVERSION = YES;
				GCC_WARN_ABOUT_RETURN_TYPE = YES_ERROR;
				GCC_WARN_UNDECLARED_SELECTOR = YES;
				GCC_WARN_UNINITIALIZED_AUTOS = YES_AGGRESSIVE;
				GCC_WARN_UNUSED_FUNCTION = YES;
				GCC_WARN_UNUSED_VARIABLE = YES;
				IPHONEOS_DEPLOYMENT_TARGET = 10.3;
				MTL_ENABLE_DEBUG_INFO = NO;
				SDKROOT = iphoneos;
				SWIFT_OPTIMIZATION_LEVEL = "-Owholemodule";
				VALIDATE_PRODUCT = YES;
			};
			name = Release;
		};
		957E66CA1EB4AD9D007C2C51 /* Debug */ = {
			isa = XCBuildConfiguration;
			buildSettings = {
				ASSETCATALOG_COMPILER_APPICON_NAME = AppIcon;
				INFOPLIST_FILE = PropertyAnimator/Info.plist;
				LD_RUNPATH_SEARCH_PATHS = "$(inherited) @executable_path/Frameworks";
				PRODUCT_BUNDLE_IDENTIFIER = S.PropertyAnimator;
				PRODUCT_NAME = "$(TARGET_NAME)";
				SWIFT_VERSION = 3.0;
			};
			name = Debug;
		};
		957E66CB1EB4AD9D007C2C51 /* Release */ = {
			isa = XCBuildConfiguration;
			buildSettings = {
				ASSETCATALOG_COMPILER_APPICON_NAME = AppIcon;
				INFOPLIST_FILE = PropertyAnimator/Info.plist;
				LD_RUNPATH_SEARCH_PATHS = "$(inherited) @executable_path/Frameworks";
				PRODUCT_BUNDLE_IDENTIFIER = S.PropertyAnimator;
				PRODUCT_NAME = "$(TARGET_NAME)";
				SWIFT_VERSION = 3.0;
			};
			name = Release;
		};
		957E66CD1EB4AD9D007C2C51 /* Debug */ = {
			isa = XCBuildConfiguration;
			buildSettings = {
				ALWAYS_EMBED_SWIFT_STANDARD_LIBRARIES = YES;
				BUNDLE_LOADER = "$(TEST_HOST)";
				INFOPLIST_FILE = PropertyAnimatorTests/Info.plist;
				LD_RUNPATH_SEARCH_PATHS = "$(inherited) @executable_path/Frameworks @loader_path/Frameworks";
				PRODUCT_BUNDLE_IDENTIFIER = S.PropertyAnimatorTests;
				PRODUCT_NAME = "$(TARGET_NAME)";
				SWIFT_VERSION = 3.0;
				TEST_HOST = "$(BUILT_PRODUCTS_DIR)/PropertyAnimator.app/PropertyAnimator";
			};
			name = Debug;
		};
		957E66CE1EB4AD9D007C2C51 /* Release */ = {
			isa = XCBuildConfiguration;
			buildSettings = {
				ALWAYS_EMBED_SWIFT_STANDARD_LIBRARIES = YES;
				BUNDLE_LOADER = "$(TEST_HOST)";
				INFOPLIST_FILE = PropertyAnimatorTests/Info.plist;
				LD_RUNPATH_SEARCH_PATHS = "$(inherited) @executable_path/Frameworks @loader_path/Frameworks";
				PRODUCT_BUNDLE_IDENTIFIER = S.PropertyAnimatorTests;
				PRODUCT_NAME = "$(TARGET_NAME)";
				SWIFT_VERSION = 3.0;
				TEST_HOST = "$(BUILT_PRODUCTS_DIR)/PropertyAnimator.app/PropertyAnimator";
			};
			name = Release;
		};
		957E66D01EB4AD9D007C2C51 /* Debug */ = {
			isa = XCBuildConfiguration;
			buildSettings = {
				ALWAYS_EMBED_SWIFT_STANDARD_LIBRARIES = YES;
				INFOPLIST_FILE = PropertyAnimatorUITests/Info.plist;
				LD_RUNPATH_SEARCH_PATHS = "$(inherited) @executable_path/Frameworks @loader_path/Frameworks";
				PRODUCT_BUNDLE_IDENTIFIER = S.PropertyAnimatorUITests;
				PRODUCT_NAME = "$(TARGET_NAME)";
				SWIFT_VERSION = 3.0;
				TEST_TARGET_NAME = PropertyAnimator;
			};
			name = Debug;
		};
		957E66D11EB4AD9D007C2C51 /* Release */ = {
			isa = XCBuildConfiguration;
			buildSettings = {
				ALWAYS_EMBED_SWIFT_STANDARD_LIBRARIES = YES;
				INFOPLIST_FILE = PropertyAnimatorUITests/Info.plist;
				LD_RUNPATH_SEARCH_PATHS = "$(inherited) @executable_path/Frameworks @loader_path/Frameworks";
				PRODUCT_BUNDLE_IDENTIFIER = S.PropertyAnimatorUITests;
				PRODUCT_NAME = "$(TARGET_NAME)";
				SWIFT_VERSION = 3.0;
				TEST_TARGET_NAME = PropertyAnimator;
			};
			name = Release;
		};
/* End XCBuildConfiguration section */

/* Begin XCConfigurationList section */
		957E669C1EB4AD9D007C2C51 /* Build configuration list for PBXProject "PropertyAnimator" */ = {
			isa = XCConfigurationList;
			buildConfigurations = (
				957E66C71EB4AD9D007C2C51 /* Debug */,
				957E66C81EB4AD9D007C2C51 /* Release */,
			);
			defaultConfigurationIsVisible = 0;
			defaultConfigurationName = Release;
		};
		957E66C91EB4AD9D007C2C51 /* Build configuration list for PBXNativeTarget "PropertyAnimator" */ = {
			isa = XCConfigurationList;
			buildConfigurations = (
				957E66CA1EB4AD9D007C2C51 /* Debug */,
				957E66CB1EB4AD9D007C2C51 /* Release */,
			);
			defaultConfigurationIsVisible = 0;
		};
		957E66CC1EB4AD9D007C2C51 /* Build configuration list for PBXNativeTarget "PropertyAnimatorTests" */ = {
			isa = XCConfigurationList;
			buildConfigurations = (
				957E66CD1EB4AD9D007C2C51 /* Debug */,
				957E66CE1EB4AD9D007C2C51 /* Release */,
			);
			defaultConfigurationIsVisible = 0;
		};
		957E66CF1EB4AD9D007C2C51 /* Build configuration list for PBXNativeTarget "PropertyAnimatorUITests" */ = {
			isa = XCConfigurationList;
			buildConfigurations = (
				957E66D01EB4AD9D007C2C51 /* Debug */,
				957E66D11EB4AD9D007C2C51 /* Release */,
			);
			defaultConfigurationIsVisible = 0;
		};
/* End XCConfigurationList section */
	};
	rootObject = 957E66991EB4AD9D007C2C51 /* Project object */;
}
