// !$*UTF8*$!
{
	archiveVersion = 1;
	classes = {
	};
	objectVersion = 46;
	objects = {

/* Begin PBXBuildFile section */
		95884FB01F3D929800033256 /* AppDelegate.swift in Sources */ = {isa = PBXBuildFile; fileRef = 95884FAF1F3D929800033256 /* AppDelegate.swift */; };
		95884FB21F3D929800033256 /* ViewController.swift in Sources */ = {isa = PBXBuildFile; fileRef = 95884FB11F3D929800033256 /* ViewController.swift */; };
		95884FB51F3D929800033256 /* Main.storyboard in Resources */ = {isa = PBXBuildFile; fileRef = 95884FB31F3D929800033256 /* Main.storyboard */; };
		95884FB71F3D929800033256 /* Assets.xcassets in Resources */ = {isa = PBXBuildFile; fileRef = 95884FB61F3D929800033256 /* Assets.xcassets */; };
		95884FBA1F3D929800033256 /* LaunchScreen.storyboard in Resources */ = {isa = PBXBuildFile; fileRef = 95884FB81F3D929800033256 /* LaunchScreen.storyboard */; };
		95884FC51F3D929800033256 /* RemindersTests.swift in Sources */ = {isa = PBXBuildFile; fileRef = 95884FC41F3D929800033256 /* RemindersTests.swift */; };
		95884FD01F3D929800033256 /* RemindersUITests.swift in Sources */ = {isa = PBXBuildFile; fileRef = 95884FCF1F3D929800033256 /* RemindersUITests.swift */; };
		95884FDE1F3D94D300033256 /* Reminder.swift in Sources */ = {isa = PBXBuildFile; fileRef = 95884FDD1F3D94D300033256 /* Reminder.swift */; };
/* End PBXBuildFile section */

/* Begin PBXContainerItemProxy section */
		95884FC11F3D929800033256 /* PBXContainerItemProxy */ = {
			isa = PBXContainerItemProxy;
			containerPortal = 95884FA41F3D929800033256 /* Project object */;
			proxyType = 1;
			remoteGlobalIDString = 95884FAB1F3D929800033256;
			remoteInfo = Reminders;
		};
		95884FCC1F3D929800033256 /* PBXContainerItemProxy */ = {
			isa = PBXContainerItemProxy;
			containerPortal = 95884FA41F3D929800033256 /* Project object */;
			proxyType = 1;
			remoteGlobalIDString = 95884FAB1F3D929800033256;
			remoteInfo = Reminders;
		};
/* End PBXContainerItemProxy section */

/* Begin PBXFileReference section */
		95884FAC1F3D929800033256 /* Reminders.app */ = {isa = PBXFileReference; explicitFileType = wrapper.application; includeInIndex = 0; path = Reminders.app; sourceTree = BUILT_PRODUCTS_DIR; };
		95884FAF1F3D929800033256 /* AppDelegate.swift */ = {isa = PBXFileReference; lastKnownFileType = sourcecode.swift; path = AppDelegate.swift; sourceTree = "<group>"; };
		95884FB11F3D929800033256 /* ViewController.swift */ = {isa = PBXFileReference; lastKnownFileType = sourcecode.swift; path = ViewController.swift; sourceTree = "<group>"; };
		95884FB41F3D929800033256 /* Base */ = {isa = PBXFileReference; lastKnownFileType = file.storyboard; name = Base; path = Base.lproj/Main.storyboard; sourceTree = "<group>"; };
		95884FB61F3D929800033256 /* Assets.xcassets */ = {isa = PBXFileReference; lastKnownFileType = folder.assetcatalog; path = Assets.xcassets; sourceTree = "<group>"; };
		95884FB91F3D929800033256 /* Base */ = {isa = PBXFileReference; lastKnownFileType = file.storyboard; name = Base; path = Base.lproj/LaunchScreen.storyboard; sourceTree = "<group>"; };
		95884FBB1F3D929800033256 /* Info.plist */ = {isa = PBXFileReference; lastKnownFileType = text.plist.xml; path = Info.plist; sourceTree = "<group>"; };
		95884FC01F3D929800033256 /* RemindersTests.xctest */ = {isa = PBXFileReference; explicitFileType = wrapper.cfbundle; includeInIndex = 0; path = RemindersTests.xctest; sourceTree = BUILT_PRODUCTS_DIR; };
		95884FC41F3D929800033256 /* RemindersTests.swift */ = {isa = PBXFileReference; lastKnownFileType = sourcecode.swift; path = RemindersTests.swift; sourceTree = "<group>"; };
		95884FC61F3D929800033256 /* Info.plist */ = {isa = PBXFileReference; lastKnownFileType = text.plist.xml; path = Info.plist; sourceTree = "<group>"; };
		95884FCB1F3D929800033256 /* RemindersUITests.xctest */ = {isa = PBXFileReference; explicitFileType = wrapper.cfbundle; includeInIndex = 0; path = RemindersUITests.xctest; sourceTree = BUILT_PRODUCTS_DIR; };
		95884FCF1F3D929800033256 /* RemindersUITests.swift */ = {isa = PBXFileReference; lastKnownFileType = sourcecode.swift; path = RemindersUITests.swift; sourceTree = "<group>"; };
		95884FD11F3D929800033256 /* Info.plist */ = {isa = PBXFileReference; lastKnownFileType = text.plist.xml; path = Info.plist; sourceTree = "<group>"; };
		95884FDD1F3D94D300033256 /* Reminder.swift */ = {isa = PBXFileReference; fileEncoding = 4; lastKnownFileType = sourcecode.swift; path = Reminder.swift; sourceTree = "<group>"; };
/* End PBXFileReference section */

/* Begin PBXFrameworksBuildPhase section */
		95884FA91F3D929800033256 /* Frameworks */ = {
			isa = PBXFrameworksBuildPhase;
			buildActionMask = 2147483647;
			files = (
			);
			runOnlyForDeploymentPostprocessing = 0;
		};
		95884FBD1F3D929800033256 /* Frameworks */ = {
			isa = PBXFrameworksBuildPhase;
			buildActionMask = 2147483647;
			files = (
			);
			runOnlyForDeploymentPostprocessing = 0;
		};
		95884FC81F3D929800033256 /* Frameworks */ = {
			isa = PBXFrameworksBuildPhase;
			buildActionMask = 2147483647;
			files = (
			);
			runOnlyForDeploymentPostprocessing = 0;
		};
/* End PBXFrameworksBuildPhase section */

/* Begin PBXGroup section */
		95884FA31F3D929800033256 = {
			isa = PBXGroup;
			children = (
				95884FAE1F3D929800033256 /* Reminders */,
				95884FC31F3D929800033256 /* RemindersTests */,
				95884FCE1F3D929800033256 /* RemindersUITests */,
				95884FAD1F3D929800033256 /* Products */,
			);
			sourceTree = "<group>";
		};
		95884FAD1F3D929800033256 /* Products */ = {
			isa = PBXGroup;
			children = (
				95884FAC1F3D929800033256 /* Reminders.app */,
				95884FC01F3D929800033256 /* RemindersTests.xctest */,
				95884FCB1F3D929800033256 /* RemindersUITests.xctest */,
			);
			name = Products;
			sourceTree = "<group>";
		};
		95884FAE1F3D929800033256 /* Reminders */ = {
			isa = PBXGroup;
			children = (
				95884FAF1F3D929800033256 /* AppDelegate.swift */,
				95884FB11F3D929800033256 /* ViewController.swift */,
				95884FB31F3D929800033256 /* Main.storyboard */,
				95884FDD1F3D94D300033256 /* Reminder.swift */,
				95884FB61F3D929800033256 /* Assets.xcassets */,
				95884FB81F3D929800033256 /* LaunchScreen.storyboard */,
				95884FBB1F3D929800033256 /* Info.plist */,
			);
			path = Reminders;
			sourceTree = "<group>";
		};
		95884FC31F3D929800033256 /* RemindersTests */ = {
			isa = PBXGroup;
			children = (
				95884FC41F3D929800033256 /* RemindersTests.swift */,
				95884FC61F3D929800033256 /* Info.plist */,
			);
			path = RemindersTests;
			sourceTree = "<group>";
		};
		95884FCE1F3D929800033256 /* RemindersUITests */ = {
			isa = PBXGroup;
			children = (
				95884FCF1F3D929800033256 /* RemindersUITests.swift */,
				95884FD11F3D929800033256 /* Info.plist */,
			);
			path = RemindersUITests;
			sourceTree = "<group>";
		};
/* End PBXGroup section */

/* Begin PBXNativeTarget section */
		95884FAB1F3D929800033256 /* Reminders */ = {
			isa = PBXNativeTarget;
			buildConfigurationList = 95884FD41F3D929800033256 /* Build configuration list for PBXNativeTarget "Reminders" */;
			buildPhases = (
				95884FA81F3D929800033256 /* Sources */,
				95884FA91F3D929800033256 /* Frameworks */,
				95884FAA1F3D929800033256 /* Resources */,
			);
			buildRules = (
			);
			dependencies = (
			);
			name = Reminders;
			productName = Reminders;
			productReference = 95884FAC1F3D929800033256 /* Reminders.app */;
			productType = "com.apple.product-type.application";
		};
		95884FBF1F3D929800033256 /* RemindersTests */ = {
			isa = PBXNativeTarget;
			buildConfigurationList = 95884FD71F3D929800033256 /* Build configuration list for PBXNativeTarget "RemindersTests" */;
			buildPhases = (
				95884FBC1F3D929800033256 /* Sources */,
				95884FBD1F3D929800033256 /* Frameworks */,
				95884FBE1F3D929800033256 /* Resources */,
			);
			buildRules = (
			);
			dependencies = (
				95884FC21F3D929800033256 /* PBXTargetDependency */,
			);
			name = RemindersTests;
			productName = RemindersTests;
			productReference = 95884FC01F3D929800033256 /* RemindersTests.xctest */;
			productType = "com.apple.product-type.bundle.unit-test";
		};
		95884FCA1F3D929800033256 /* RemindersUITests */ = {
			isa = PBXNativeTarget;
			buildConfigurationList = 95884FDA1F3D929800033256 /* Build configuration list for PBXNativeTarget "RemindersUITests" */;
			buildPhases = (
				95884FC71F3D929800033256 /* Sources */,
				95884FC81F3D929800033256 /* Frameworks */,
				95884FC91F3D929800033256 /* Resources */,
			);
			buildRules = (
			);
			dependencies = (
				95884FCD1F3D929800033256 /* PBXTargetDependency */,
			);
			name = RemindersUITests;
			productName = RemindersUITests;
			productReference = 95884FCB1F3D929800033256 /* RemindersUITests.xctest */;
			productType = "com.apple.product-type.bundle.ui-testing";
		};
/* End PBXNativeTarget section */

/* Begin PBXProject section */
		95884FA41F3D929800033256 /* Project object */ = {
			isa = PBXProject;
			attributes = {
				LastSwiftUpdateCheck = 0830;
				LastUpgradeCheck = 0830;
				ORGANIZATIONNAME = Alibek;
				TargetAttributes = {
					95884FAB1F3D929800033256 = {
						CreatedOnToolsVersion = 8.3.3;
						ProvisioningStyle = Automatic;
					};
					95884FBF1F3D929800033256 = {
						CreatedOnToolsVersion = 8.3.3;
						ProvisioningStyle = Automatic;
						TestTargetID = 95884FAB1F3D929800033256;
					};
					95884FCA1F3D929800033256 = {
						CreatedOnToolsVersion = 8.3.3;
						ProvisioningStyle = Automatic;
						TestTargetID = 95884FAB1F3D929800033256;
					};
				};
			};
			buildConfigurationList = 95884FA71F3D929800033256 /* Build configuration list for PBXProject "Reminders" */;
			compatibilityVersion = "Xcode 3.2";
			developmentRegion = English;
			hasScannedForEncodings = 0;
			knownRegions = (
				en,
				Base,
			);
			mainGroup = 95884FA31F3D929800033256;
			productRefGroup = 95884FAD1F3D929800033256 /* Products */;
			projectDirPath = "";
			projectRoot = "";
			targets = (
				95884FAB1F3D929800033256 /* Reminders */,
				95884FBF1F3D929800033256 /* RemindersTests */,
				95884FCA1F3D929800033256 /* RemindersUITests */,
			);
		};
/* End PBXProject section */

/* Begin PBXResourcesBuildPhase section */
		95884FAA1F3D929800033256 /* Resources */ = {
			isa = PBXResourcesBuildPhase;
			buildActionMask = 2147483647;
			files = (
				95884FBA1F3D929800033256 /* LaunchScreen.storyboard in Resources */,
				95884FB71F3D929800033256 /* Assets.xcassets in Resources */,
				95884FB51F3D929800033256 /* Main.storyboard in Resources */,
			);
			runOnlyForDeploymentPostprocessing = 0;
		};
		95884FBE1F3D929800033256 /* Resources */ = {
			isa = PBXResourcesBuildPhase;
			buildActionMask = 2147483647;
			files = (
			);
			runOnlyForDeploymentPostprocessing = 0;
		};
		95884FC91F3D929800033256 /* Resources */ = {
			isa = PBXResourcesBuildPhase;
			buildActionMask = 2147483647;
			files = (
			);
			runOnlyForDeploymentPostprocessing = 0;
		};
/* End PBXResourcesBuildPhase section */

/* Begin PBXSourcesBuildPhase section */
		95884FA81F3D929800033256 /* Sources */ = {
			isa = PBXSourcesBuildPhase;
			buildActionMask = 2147483647;
			files = (
				95884FDE1F3D94D300033256 /* Reminder.swift in Sources */,
				95884FB21F3D929800033256 /* ViewController.swift in Sources */,
				95884FB01F3D929800033256 /* AppDelegate.swift in Sources */,
			);
			runOnlyForDeploymentPostprocessing = 0;
		};
		95884FBC1F3D929800033256 /* Sources */ = {
			isa = PBXSourcesBuildPhase;
			buildActionMask = 2147483647;
			files = (
				95884FC51F3D929800033256 /* RemindersTests.swift in Sources */,
			);
			runOnlyForDeploymentPostprocessing = 0;
		};
		95884FC71F3D929800033256 /* Sources */ = {
			isa = PBXSourcesBuildPhase;
			buildActionMask = 2147483647;
			files = (
				95884FD01F3D929800033256 /* RemindersUITests.swift in Sources */,
			);
			runOnlyForDeploymentPostprocessing = 0;
		};
/* End PBXSourcesBuildPhase section */

/* Begin PBXTargetDependency section */
		95884FC21F3D929800033256 /* PBXTargetDependency */ = {
			isa = PBXTargetDependency;
			target = 95884FAB1F3D929800033256 /* Reminders */;
			targetProxy = 95884FC11F3D929800033256 /* PBXContainerItemProxy */;
		};
		95884FCD1F3D929800033256 /* PBXTargetDependency */ = {
			isa = PBXTargetDependency;
			target = 95884FAB1F3D929800033256 /* Reminders */;
			targetProxy = 95884FCC1F3D929800033256 /* PBXContainerItemProxy */;
		};
/* End PBXTargetDependency section */

/* Begin PBXVariantGroup section */
		95884FB31F3D929800033256 /* Main.storyboard */ = {
			isa = PBXVariantGroup;
			children = (
				95884FB41F3D929800033256 /* Base */,
			);
			name = Main.storyboard;
			sourceTree = "<group>";
		};
		95884FB81F3D929800033256 /* LaunchScreen.storyboard */ = {
			isa = PBXVariantGroup;
			children = (
				95884FB91F3D929800033256 /* Base */,
			);
			name = LaunchScreen.storyboard;
			sourceTree = "<group>";
		};
/* End PBXVariantGroup section */

/* Begin XCBuildConfiguration section */
		95884FD21F3D929800033256 /* Debug */ = {
			isa = XCBuildConfiguration;
			buildSettings = {
				ALWAYS_SEARCH_USER_PATHS = NO;
				CLANG_ANALYZER_NONNULL = YES;
				CLANG_ANALYZER_NUMBER_OBJECT_CONVERSION = YES_AGGRESSIVE;
				CLANG_CXX_LANGUAGE_STANDARD = "gnu++0x";
				CLANG_CXX_LIBRARY = "libc++";
				CLANG_ENABLE_MODULES = YES;
				CLANG_ENABLE_OBJC_ARC = YES;
				CLANG_WARN_BOOL_CONVERSION = YES;
				CLANG_WARN_CONSTANT_CONVERSION = YES;
				CLANG_WARN_DIRECT_OBJC_ISA_USAGE = YES_ERROR;
				CLANG_WARN_DOCUMENTATION_COMMENTS = YES;
				CLANG_WARN_EMPTY_BODY = YES;
				CLANG_WARN_ENUM_CONVERSION = YES;
				CLANG_WARN_INFINITE_RECURSION = YES;
				CLANG_WARN_INT_CONVERSION = YES;
				CLANG_WARN_OBJC_ROOT_CLASS = YES_ERROR;
				CLANG_WARN_SUSPICIOUS_MOVE = YES;
				CLANG_WARN_UNREACHABLE_CODE = YES;
				CLANG_WARN__DUPLICATE_METHOD_MATCH = YES;
				"CODE_SIGN_IDENTITY[sdk=iphoneos*]" = "iPhone Developer";
				COPY_PHASE_STRIP = NO;
				DEBUG_INFORMATION_FORMAT = dwarf;
				ENABLE_STRICT_OBJC_MSGSEND = YES;
				ENABLE_TESTABILITY = YES;
				GCC_C_LANGUAGE_STANDARD = gnu99;
				GCC_DYNAMIC_NO_PIC = NO;
				GCC_NO_COMMON_BLOCKS = YES;
				GCC_OPTIMIZATION_LEVEL = 0;
				GCC_PREPROCESSOR_DEFINITIONS = (
					"DEBUG=1",
					"$(inherited)",
				);
				GCC_WARN_64_TO_32_BIT_CONVERSION = YES;
				GCC_WARN_ABOUT_RETURN_TYPE = YES_ERROR;
				GCC_WARN_UNDECLARED_SELECTOR = YES;
				GCC_WARN_UNINITIALIZED_AUTOS = YES_AGGRESSIVE;
				GCC_WARN_UNUSED_FUNCTION = YES;
				GCC_WARN_UNUSED_VARIABLE = YES;
				IPHONEOS_DEPLOYMENT_TARGET = 10.3;
				MTL_ENABLE_DEBUG_INFO = YES;
				ONLY_ACTIVE_ARCH = YES;
				SDKROOT = iphoneos;
				SWIFT_ACTIVE_COMPILATION_CONDITIONS = DEBUG;
				SWIFT_OPTIMIZATION_LEVEL = "-Onone";
			};
			name = Debug;
		};
		95884FD31F3D929800033256 /* Release */ = {
			isa = XCBuildConfiguration;
			buildSettings = {
				ALWAYS_SEARCH_USER_PATHS = NO;
				CLANG_ANALYZER_NONNULL = YES;
				CLANG_ANALYZER_NUMBER_OBJECT_CONVERSION = YES_AGGRESSIVE;
				CLANG_CXX_LANGUAGE_STANDARD = "gnu++0x";
				CLANG_CXX_LIBRARY = "libc++";
				CLANG_ENABLE_MODULES = YES;
				CLANG_ENABLE_OBJC_ARC = YES;
				CLANG_WARN_BOOL_CONVERSION = YES;
				CLANG_WARN_CONSTANT_CONVERSION = YES;
				CLANG_WARN_DIRECT_OBJC_ISA_USAGE = YES_ERROR;
				CLANG_WARN_DOCUMENTATION_COMMENTS = YES;
				CLANG_WARN_EMPTY_BODY = YES;
				CLANG_WARN_ENUM_CONVERSION = YES;
				CLANG_WARN_INFINITE_RECURSION = YES;
				CLANG_WARN_INT_CONVERSION = YES;
				CLANG_WARN_OBJC_ROOT_CLASS = YES_ERROR;
				CLANG_WARN_SUSPICIOUS_MOVE = YES;
				CLANG_WARN_UNREACHABLE_CODE = YES;
				CLANG_WARN__DUPLICATE_METHOD_MATCH = YES;
				"CODE_SIGN_IDENTITY[sdk=iphoneos*]" = "iPhone Developer";
				COPY_PHASE_STRIP = NO;
				DEBUG_INFORMATION_FORMAT = "dwarf-with-dsym";
				ENABLE_NS_ASSERTIONS = NO;
				ENABLE_STRICT_OBJC_MSGSEND = YES;
				GCC_C_LANGUAGE_STANDARD = gnu99;
				GCC_NO_COMMON_BLOCKS = YES;
				GCC_WARN_64_TO_32_BIT_CONVERSION = YES;
				GCC_WARN_ABOUT_RETURN_TYPE = YES_ERROR;
				GCC_WARN_UNDECLARED_SELECTOR = YES;
				GCC_WARN_UNINITIALIZED_AUTOS = YES_AGGRESSIVE;
				GCC_WARN_UNUSED_FUNCTION = YES;
				GCC_WARN_UNUSED_VARIABLE = YES;
				IPHONEOS_DEPLOYMENT_TARGET = 10.3;
				MTL_ENABLE_DEBUG_INFO = NO;
				SDKROOT = iphoneos;
				SWIFT_OPTIMIZATION_LEVEL = "-Owholemodule";
				VALIDATE_PRODUCT = YES;
			};
			name = Release;
		};
		95884FD51F3D929800033256 /* Debug */ = {
			isa = XCBuildConfiguration;
			buildSettings = {
				ASSETCATALOG_COMPILER_APPICON_NAME = AppIcon;
				INFOPLIST_FILE = Reminders/Info.plist;
				LD_RUNPATH_SEARCH_PATHS = "$(inherited) @executable_path/Frameworks";
				PRODUCT_BUNDLE_IDENTIFIER = S.Reminders;
				PRODUCT_NAME = "$(TARGET_NAME)";
				SWIFT_VERSION = 3.0;
			};
			name = Debug;
		};
		95884FD61F3D929800033256 /* Release */ = {
			isa = XCBuildConfiguration;
			buildSettings = {
				ASSETCATALOG_COMPILER_APPICON_NAME = AppIcon;
				INFOPLIST_FILE = Reminders/Info.plist;
				LD_RUNPATH_SEARCH_PATHS = "$(inherited) @executable_path/Frameworks";
				PRODUCT_BUNDLE_IDENTIFIER = S.Reminders;
				PRODUCT_NAME = "$(TARGET_NAME)";
				SWIFT_VERSION = 3.0;
			};
			name = Release;
		};
		95884FD81F3D929800033256 /* Debug */ = {
			isa = XCBuildConfiguration;
			buildSettings = {
				ALWAYS_EMBED_SWIFT_STANDARD_LIBRARIES = YES;
				BUNDLE_LOADER = "$(TEST_HOST)";
				INFOPLIST_FILE = RemindersTests/Info.plist;
				LD_RUNPATH_SEARCH_PATHS = "$(inherited) @executable_path/Frameworks @loader_path/Frameworks";
				PRODUCT_BUNDLE_IDENTIFIER = S.RemindersTests;
				PRODUCT_NAME = "$(TARGET_NAME)";
				SWIFT_VERSION = 3.0;
				TEST_HOST = "$(BUILT_PRODUCTS_DIR)/Reminders.app/Reminders";
			};
			name = Debug;
		};
		95884FD91F3D929800033256 /* Release */ = {
			isa = XCBuildConfiguration;
			buildSettings = {
				ALWAYS_EMBED_SWIFT_STANDARD_LIBRARIES = YES;
				BUNDLE_LOADER = "$(TEST_HOST)";
				INFOPLIST_FILE = RemindersTests/Info.plist;
				LD_RUNPATH_SEARCH_PATHS = "$(inherited) @executable_path/Frameworks @loader_path/Frameworks";
				PRODUCT_BUNDLE_IDENTIFIER = S.RemindersTests;
				PRODUCT_NAME = "$(TARGET_NAME)";
				SWIFT_VERSION = 3.0;
				TEST_HOST = "$(BUILT_PRODUCTS_DIR)/Reminders.app/Reminders";
			};
			name = Release;
		};
		95884FDB1F3D929800033256 /* Debug */ = {
			isa = XCBuildConfiguration;
			buildSettings = {
				ALWAYS_EMBED_SWIFT_STANDARD_LIBRARIES = YES;
				INFOPLIST_FILE = RemindersUITests/Info.plist;
				LD_RUNPATH_SEARCH_PATHS = "$(inherited) @executable_path/Frameworks @loader_path/Frameworks";
				PRODUCT_BUNDLE_IDENTIFIER = S.RemindersUITests;
				PRODUCT_NAME = "$(TARGET_NAME)";
				SWIFT_VERSION = 3.0;
				TEST_TARGET_NAME = Reminders;
			};
			name = Debug;
		};
		95884FDC1F3D929800033256 /* Release */ = {
			isa = XCBuildConfiguration;
			buildSettings = {
				ALWAYS_EMBED_SWIFT_STANDARD_LIBRARIES = YES;
				INFOPLIST_FILE = RemindersUITests/Info.plist;
				LD_RUNPATH_SEARCH_PATHS = "$(inherited) @executable_path/Frameworks @loader_path/Frameworks";
				PRODUCT_BUNDLE_IDENTIFIER = S.RemindersUITests;
				PRODUCT_NAME = "$(TARGET_NAME)";
				SWIFT_VERSION = 3.0;
				TEST_TARGET_NAME = Reminders;
			};
			name = Release;
		};
/* End XCBuildConfiguration section */

/* Begin XCConfigurationList section */
		95884FA71F3D929800033256 /* Build configuration list for PBXProject "Reminders" */ = {
			isa = XCConfigurationList;
			buildConfigurations = (
				95884FD21F3D929800033256 /* Debug */,
				95884FD31F3D929800033256 /* Release */,
			);
			defaultConfigurationIsVisible = 0;
			defaultConfigurationName = Release;
		};
		95884FD41F3D929800033256 /* Build configuration list for PBXNativeTarget "Reminders" */ = {
			isa = XCConfigurationList;
			buildConfigurations = (
				95884FD51F3D929800033256 /* Debug */,
				95884FD61F3D929800033256 /* Release */,
			);
			defaultConfigurationIsVisible = 0;
		};
		95884FD71F3D929800033256 /* Build configuration list for PBXNativeTarget "RemindersTests" */ = {
			isa = XCConfigurationList;
			buildConfigurations = (
				95884FD81F3D929800033256 /* Debug */,
				95884FD91F3D929800033256 /* Release */,
			);
			defaultConfigurationIsVisible = 0;
		};
		95884FDA1F3D929800033256 /* Build configuration list for PBXNativeTarget "RemindersUITests" */ = {
			isa = XCConfigurationList;
			buildConfigurations = (
				95884FDB1F3D929800033256 /* Debug */,
				95884FDC1F3D929800033256 /* Release */,
			);
			defaultConfigurationIsVisible = 0;
		};
/* End XCConfigurationList section */
	};
	rootObject = 95884FA41F3D929800033256 /* Project object */;
}
